{
  "name": "tests",
  "version": "1.0.0",
  "lockfileVersion": 1,
  "requires": true,
  "dependencies": {
    "@rollup/plugin-wasm": {
      "version": "5.0.0",
      "resolved": "https://registry.npmjs.org/@rollup/plugin-wasm/-/plugin-wasm-5.0.0.tgz",
      "integrity": "sha512-3yVc14qT1hX9Zs8qnieXkzLJL8hpdQyW/fwH3V5/doXDQfQPAHSoPirDLm8Fum4U1JZxnsOnk/6GF5gqKh7dsQ==",
      "dev": true
    },
    "fsevents": {
      "version": "2.1.3",
      "resolved": "https://registry.npmjs.org/fsevents/-/fsevents-2.1.3.tgz",
      "integrity": "sha512-Auw9a4AxqWpa9GUfj370BMPzzyncfBABW8Mab7BGWBYDj4Isgq+cDKtx0i6u9jcX9pQDnswsaaOTgTmA5pEjuQ==",
      "dev": true,
      "optional": true
    },
    "opencv-wasm": {
      "version": "4.3.0-4",
      "resolved": "https://registry.npmjs.org/opencv-wasm/-/opencv-wasm-4.3.0-4.tgz",
      "integrity": "sha512-gZ6AvOy1J7vp1ouBum8WVMi6jXG+JI/+4nUkfaaap7pY3wwLytHyYRdImIfl1Yyl62Q52klbhx27Wykh4gF7Lw=="
    },
    "rollup": {
      "version": "2.27.0",
      "resolved": "https://registry.npmjs.org/rollup/-/rollup-2.27.0.tgz",
      "integrity": "sha512-1WlbhNdzhLjdhh2wsf6CDxmuBAYG+5O53fYqCcGv8aJOoX/ymCfCY6oZnvllXZzaC/Ng+lPPwq9EMbHOKc5ozA==",
      "dev": true,
      "requires": {
        "fsevents": "~2.1.2"
      }
    },
    "typescript": {
      "version": "3.9.6",
      "resolved": "https://registry.npmjs.org/typescript/-/typescript-3.9.6.tgz",
      "integrity": "sha512-Pspx3oKAPJtjNwE92YS05HQoY7z2SFyOpHo9MqJor3BXAGNaPUs83CuVp9VISFkSjyRfiTpmKuAYGJB7S7hOxw==",
      "dev": true
    }
  }
}
